
Microsoft Visual Studio Solution File, Format Version 12.00
# Visual Studio Version 17
VisualStudioVersion = 17.9.34902.65
MinimumVisualStudioVersion = 10.0.40219.1
Project("{FAE04EC0-301F-11D3-BF4B-00C04F79EFBC}") = "Geometry Modeling 6", "Geometry Modeling 6.csproj", "{6F2EFE48-C996-46F6-AE71-8AFD46F63E9A}"
EndProject
Global
	GlobalSection(SolutionConfigurationPlatforms) = preSolution
		Debug|Any CPU = Debug|Any CPU
		Release|Any CPU = Release|Any CPU
	EndGlobalSection
	GlobalSection(ProjectConfigurationPlatforms) = postSolution
		{6F2EFE48-C996-46F6-AE71-8AFD46F63E9A}.Debug|Any CPU.ActiveCfg = Debug|Any CPU
		{6F2EFE48-C996-46F6-AE71-8AFD46F63E9A}.Debug|Any CPU.Build.0 = Debug|Any CPU
		{6F2EFE48-C996-46F6-AE71-8AFD46F63E9A}.Release|Any CPU.ActiveCfg = Release|Any CPU
		{6F2EFE48-C996-46F6-AE71-8AFD46F63E9A}.Release|Any CPU.Build.0 = Release|Any CPU
	EndGlobalSection
	GlobalSection(SolutionProperties) = preSolution
		HideSolutionNode = FALSE
	EndGlobalSection
	GlobalSection(ExtensibilityGlobals) = postSolution
		SolutionGuid = {79E059D1-B79D-47CB-85EA-117297FA65D1}
	EndGlobalSection
EndGlobal
